
Microsoft Visual Studio Solution File, Format Version 12.00
# Visual Studio Version 17
VisualStudioVersion = 17.0.31903.59
MinimumVisualStudioVersion = 10.0.40219.1
Project("{2150E333-8FDC-42A3-9474-1A3956D46DE8}") = "src", "src", "{827E0CD3-B72D-47B6-A68D-7590B98EB39B}"
EndProject
Project("{FAE04EC0-301F-11D3-BF4B-00C04F79EFBC}") = "ClinicaSaaS.SharedKernel", "src\ClinicaSaaS.SharedKernel\ClinicaSaaS.SharedKernel.csproj", "{EBB637BF-43B8-4D6F-9291-6E2FB5E48662}"
EndProject
Project("{FAE04EC0-301F-11D3-BF4B-00C04F79EFBC}") = "ClinicaSaaS.Domain", "src\ClinicaSaaS.Domain\ClinicaSaaS.Domain.csproj", "{A7061DC0-CAA2-48E8-B5B3-BAC4516D1D0C}"
EndProject
Project("{FAE04EC0-301F-11D3-BF4B-00C04F79EFBC}") = "ClinicaSaaS.Application", "src\ClinicaSaaS.Application\ClinicaSaaS.Application.csproj", "{BDDF7A0E-8CA6-4F4C-B5B4-1D22BE57E9AC}"
EndProject
Project("{FAE04EC0-301F-11D3-BF4B-00C04F79EFBC}") = "ClinicaSaaS.Persistence", "src\ClinicaSaaS.Persistence\ClinicaSaaS.Persistence.csproj", "{DD2DD5D3-C91D-49FD-A7C3-1FCC2C022BF5}"
EndProject
Project("{FAE04EC0-301F-11D3-BF4B-00C04F79EFBC}") = "ClinicaSaaS.Infrastructure", "src\ClinicaSaaS.Infrastructure\ClinicaSaaS.Infrastructure.csproj", "{859E300C-7148-4E62-B8AF-FE209C776213}"
EndProject
Project("{FAE04EC0-301F-11D3-BF4B-00C04F79EFBC}") = "ClinicaSaaS.Web", "src\ClinicaSaaS.Web\ClinicaSaaS.Web.csproj", "{DD3B1D5D-1EFB-47DE-8D15-4214D718ABE7}"
EndProject
Project("{FAE04EC0-301F-11D3-BF4B-00C04F79EFBC}") = "ClinicaSaaS.UnitTests", "tests\ClinicaSaaS.UnitTests\ClinicaSaaS.UnitTests.csproj", "{CBDE6A14-EF13-4F7A-A79F-BE5CEE0D1C45}"
EndProject
Project("{FAE04EC0-301F-11D3-BF4B-00C04F79EFBC}") = "ClinicaSaaS.IntegrationTests", "tests\ClinicaSaaS.IntegrationTests\ClinicaSaaS.IntegrationTests.csproj", "{02DC62CA-7EC4-43B3-88FA-3E5BE6727DB1}"
EndProject
Global
	GlobalSection(SolutionConfigurationPlatforms) = preSolution
		Debug|Any CPU = Debug|Any CPU
		Debug|x64 = Debug|x64
		Debug|x86 = Debug|x86
		Release|Any CPU = Release|Any CPU
		Release|x64 = Release|x64
		Release|x86 = Release|x86
	EndGlobalSection
	GlobalSection(ProjectConfigurationPlatforms) = postSolution
		{EBB637BF-43B8-4D6F-9291-6E2FB5E48662}.Debug|Any CPU.ActiveCfg = Debug|Any CPU
		{EBB637BF-43B8-4D6F-9291-6E2FB5E48662}.Debug|Any CPU.Build.0 = Debug|Any CPU
		{EBB637BF-43B8-4D6F-9291-6E2FB5E48662}.Debug|x64.ActiveCfg = Debug|Any CPU
		{EBB637BF-43B8-4D6F-9291-6E2FB5E48662}.Debug|x64.Build.0 = Debug|Any CPU
		{EBB637BF-43B8-4D6F-9291-6E2FB5E48662}.Debug|x86.ActiveCfg = Debug|Any CPU
		{EBB637BF-43B8-4D6F-9291-6E2FB5E48662}.Debug|x86.Build.0 = Debug|Any CPU
		{EBB637BF-43B8-4D6F-9291-6E2FB5E48662}.Release|Any CPU.ActiveCfg = Release|Any CPU
		{EBB637BF-43B8-4D6F-9291-6E2FB5E48662}.Release|Any CPU.Build.0 = Release|Any CPU
		{EBB637BF-43B8-4D6F-9291-6E2FB5E48662}.Release|x64.ActiveCfg = Release|Any CPU
		{EBB637BF-43B8-4D6F-9291-6E2FB5E48662}.Release|x64.Build.0 = Release|Any CPU
		{EBB637BF-43B8-4D6F-9291-6E2FB5E48662}.Release|x86.ActiveCfg = Release|Any CPU
		{EBB637BF-43B8-4D6F-9291-6E2FB5E48662}.Release|x86.Build.0 = Release|Any CPU
		{A7061DC0-CAA2-48E8-B5B3-BAC4516D1D0C}.Debug|Any CPU.ActiveCfg = Debug|Any CPU
		{A7061DC0-CAA2-48E8-B5B3-BAC4516D1D0C}.Debug|Any CPU.Build.0 = Debug|Any CPU
		{A7061DC0-CAA2-48E8-B5B3-BAC4516D1D0C}.Debug|x64.ActiveCfg = Debug|Any CPU
		{A7061DC0-CAA2-48E8-B5B3-BAC4516D1D0C}.Debug|x64.Build.0 = Debug|Any CPU
		{A7061DC0-CAA2-48E8-B5B3-BAC4516D1D0C}.Debug|x86.ActiveCfg = Debug|Any CPU
		{A7061DC0-CAA2-48E8-B5B3-BAC4516D1D0C}.Debug|x86.Build.0 = Debug|Any CPU
		{A7061DC0-CAA2-48E8-B5B3-BAC4516D1D0C}.Release|Any CPU.ActiveCfg = Release|Any CPU
		{A7061DC0-CAA2-48E8-B5B3-BAC4516D1D0C}.Release|Any CPU.Build.0 = Release|Any CPU
		{A7061DC0-CAA2-48E8-B5B3-BAC4516D1D0C}.Release|x64.ActiveCfg = Release|Any CPU
		{A7061DC0-CAA2-48E8-B5B3-BAC4516D1D0C}.Release|x64.Build.0 = Release|Any CPU
		{A7061DC0-CAA2-48E8-B5B3-BAC4516D1D0C}.Release|x86.ActiveCfg = Release|Any CPU
		{A7061DC0-CAA2-48E8-B5B3-BAC4516D1D0C}.Release|x86.Build.0 = Release|Any CPU
		{BDDF7A0E-8CA6-4F4C-B5B4-1D22BE57E9AC}.Debug|Any CPU.ActiveCfg = Debug|Any CPU
		{BDDF7A0E-8CA6-4F4C-B5B4-1D22BE57E9AC}.Debug|Any CPU.Build.0 = Debug|Any CPU
		{BDDF7A0E-8CA6-4F4C-B5B4-1D22BE57E9AC}.Debug|x64.ActiveCfg = Debug|Any CPU
		{BDDF7A0E-8CA6-4F4C-B5B4-1D22BE57E9AC}.Debug|x64.Build.0 = Debug|Any CPU
		{BDDF7A0E-8CA6-4F4C-B5B4-1D22BE57E9AC}.Debug|x86.ActiveCfg = Debug|Any CPU
		{BDDF7A0E-8CA6-4F4C-B5B4-1D22BE57E9AC}.Debug|x86.Build.0 = Debug|Any CPU
		{BDDF7A0E-8CA6-4F4C-B5B4-1D22BE57E9AC}.Release|Any CPU.ActiveCfg = Release|Any CPU
		{BDDF7A0E-8CA6-4F4C-B5B4-1D22BE57E9AC}.Release|Any CPU.Build.0 = Release|Any CPU
		{BDDF7A0E-8CA6-4F4C-B5B4-1D22BE57E9AC}.Release|x64.ActiveCfg = Release|Any CPU
		{BDDF7A0E-8CA6-4F4C-B5B4-1D22BE57E9AC}.Release|x64.Build.0 = Release|Any CPU
		{BDDF7A0E-8CA6-4F4C-B5B4-1D22BE57E9AC}.Release|x86.ActiveCfg = Release|Any CPU
		{BDDF7A0E-8CA6-4F4C-B5B4-1D22BE57E9AC}.Release|x86.Build.0 = Release|Any CPU
		{DD2DD5D3-C91D-49FD-A7C3-1FCC2C022BF5}.Debug|Any CPU.ActiveCfg = Debug|Any CPU
		{DD2DD5D3-C91D-49FD-A7C3-1FCC2C022BF5}.Debug|Any CPU.Build.0 = Debug|Any CPU
		{DD2DD5D3-C91D-49FD-A7C3-1FCC2C022BF5}.Debug|x64.ActiveCfg = Debug|Any CPU
		{DD2DD5D3-C91D-49FD-A7C3-1FCC2C022BF5}.Debug|x64.Build.0 = Debug|Any CPU
		{DD2DD5D3-C91D-49FD-A7C3-1FCC2C022BF5}.Debug|x86.ActiveCfg = Debug|Any CPU
		{DD2DD5D3-C91D-49FD-A7C3-1FCC2C022BF5}.Debug|x86.Build.0 = Debug|Any CPU
		{DD2DD5D3-C91D-49FD-A7C3-1FCC2C022BF5}.Release|Any CPU.ActiveCfg = Release|Any CPU
		{DD2DD5D3-C91D-49FD-A7C3-1FCC2C022BF5}.Release|Any CPU.Build.0 = Release|Any CPU
		{DD2DD5D3-C91D-49FD-A7C3-1FCC2C022BF5}.Release|x64.ActiveCfg = Release|Any CPU
		{DD2DD5D3-C91D-49FD-A7C3-1FCC2C022BF5}.Release|x64.Build.0 = Release|Any CPU
		{DD2DD5D3-C91D-49FD-A7C3-1FCC2C022BF5}.Release|x86.ActiveCfg = Release|Any CPU
		{DD2DD5D3-C91D-49FD-A7C3-1FCC2C022BF5}.Release|x86.Build.0 = Release|Any CPU
		{859E300C-7148-4E62-B8AF-FE209C776213}.Debug|Any CPU.ActiveCfg = Debug|Any CPU
		{859E300C-7148-4E62-B8AF-FE209C776213}.Debug|Any CPU.Build.0 = Debug|Any CPU
		{859E300C-7148-4E62-B8AF-FE209C776213}.Debug|x64.ActiveCfg = Debug|Any CPU
		{859E300C-7148-4E62-B8AF-FE209C776213}.Debug|x64.Build.0 = Debug|Any CPU
		{859E300C-7148-4E62-B8AF-FE209C776213}.Debug|x86.ActiveCfg = Debug|Any CPU
		{859E300C-7148-4E62-B8AF-FE209C776213}.Debug|x86.Build.0 = Debug|Any CPU
		{859E300C-7148-4E62-B8AF-FE209C776213}.Release|Any CPU.ActiveCfg = Release|Any CPU
		{859E300C-7148-4E62-B8AF-FE209C776213}.Release|Any CPU.Build.0 = Release|Any CPU
		{859E300C-7148-4E62-B8AF-FE209C776213}.Release|x64.ActiveCfg = Release|Any CPU
		{859E300C-7148-4E62-B8AF-FE209C776213}.Release|x64.Build.0 = Release|Any CPU
		{859E300C-7148-4E62-B8AF-FE209C776213}.Release|x86.ActiveCfg = Release|Any CPU
		{859E300C-7148-4E62-B8AF-FE209C776213}.Release|x86.Build.0 = Release|Any CPU
		{DD3B1D5D-1EFB-47DE-8D15-4214D718ABE7}.Debug|Any CPU.ActiveCfg = Debug|Any CPU
		{DD3B1D5D-1EFB-47DE-8D15-4214D718ABE7}.Debug|Any CPU.Build.0 = Debug|Any CPU
		{DD3B1D5D-1EFB-47DE-8D15-4214D718ABE7}.Debug|x64.ActiveCfg = Debug|Any CPU
		{DD3B1D5D-1EFB-47DE-8D15-4214D718ABE7}.Debug|x64.Build.0 = Debug|Any CPU
		{DD3B1D5D-1EFB-47DE-8D15-4214D718ABE7}.Debug|x86.ActiveCfg = Debug|Any CPU
		{DD3B1D5D-1EFB-47DE-8D15-4214D718ABE7}.Debug|x86.Build.0 = Debug|Any CPU
		{DD3B1D5D-1EFB-47DE-8D15-4214D718ABE7}.Release|Any CPU.ActiveCfg = Release|Any CPU
		{DD3B1D5D-1EFB-47DE-8D15-4214D718ABE7}.Release|Any CPU.Build.0 = Release|Any CPU
		{DD3B1D5D-1EFB-47DE-8D15-4214D718ABE7}.Release|x64.ActiveCfg = Release|Any CPU
		{DD3B1D5D-1EFB-47DE-8D15-4214D718ABE7}.Release|x64.Build.0 = Release|Any CPU
		{DD3B1D5D-1EFB-47DE-8D15-4214D718ABE7}.Release|x86.ActiveCfg = Release|Any CPU
		{DD3B1D5D-1EFB-47DE-8D15-4214D718ABE7}.Release|x86.Build.0 = Release|Any CPU
		{CBDE6A14-EF13-4F7A-A79F-BE5CEE0D1C45}.Debug|Any CPU.ActiveCfg = Debug|Any CPU
		{CBDE6A14-EF13-4F7A-A79F-BE5CEE0D1C45}.Debug|Any CPU.Build.0 = Debug|Any CPU
		{CBDE6A14-EF13-4F7A-A79F-BE5CEE0D1C45}.Debug|x64.ActiveCfg = Debug|Any CPU
		{CBDE6A14-EF13-4F7A-A79F-BE5CEE0D1C45}.Debug|x64.Build.0 = Debug|Any CPU
		{CBDE6A14-EF13-4F7A-A79F-BE5CEE0D1C45}.Debug|x86.ActiveCfg = Debug|Any CPU
		{CBDE6A14-EF13-4F7A-A79F-BE5CEE0D1C45}.Debug|x86.Build.0 = Debug|Any CPU
		{CBDE6A14-EF13-4F7A-A79F-BE5CEE0D1C45}.Release|Any CPU.ActiveCfg = Release|Any CPU
		{CBDE6A14-EF13-4F7A-A79F-BE5CEE0D1C45}.Release|Any CPU.Build.0 = Release|Any CPU
		{CBDE6A14-EF13-4F7A-A79F-BE5CEE0D1C45}.Release|x64.ActiveCfg = Release|Any CPU
		{CBDE6A14-EF13-4F7A-A79F-BE5CEE0D1C45}.Release|x64.Build.0 = Release|Any CPU
		{CBDE6A14-EF13-4F7A-A79F-BE5CEE0D1C45}.Release|x86.ActiveCfg = Release|Any CPU
		{CBDE6A14-EF13-4F7A-A79F-BE5CEE0D1C45}.Release|x86.Build.0 = Release|Any CPU
		{02DC62CA-7EC4-43B3-88FA-3E5BE6727DB1}.Debug|Any CPU.ActiveCfg = Debug|Any CPU
		{02DC62CA-7EC4-43B3-88FA-3E5BE6727DB1}.Debug|Any CPU.Build.0 = Debug|Any CPU
		{02DC62CA-7EC4-43B3-88FA-3E5BE6727DB1}.Debug|x64.ActiveCfg = Debug|Any CPU
		{02DC62CA-7EC4-43B3-88FA-3E5BE6727DB1}.Debug|x64.Build.0 = Debug|Any CPU
		{02DC62CA-7EC4-43B3-88FA-3E5BE6727DB1}.Debug|x86.ActiveCfg = Debug|Any CPU
		{02DC62CA-7EC4-43B3-88FA-3E5BE6727DB1}.Debug|x86.Build.0 = Debug|Any CPU
		{02DC62CA-7EC4-43B3-88FA-3E5BE6727DB1}.Release|Any CPU.ActiveCfg = Release|Any CPU
		{02DC62CA-7EC4-43B3-88FA-3E5BE6727DB1}.Release|Any CPU.Build.0 = Release|Any CPU
		{02DC62CA-7EC4-43B3-88FA-3E5BE6727DB1}.Release|x64.ActiveCfg = Release|Any CPU
		{02DC62CA-7EC4-43B3-88FA-3E5BE6727DB1}.Release|x64.Build.0 = Release|Any CPU
		{02DC62CA-7EC4-43B3-88FA-3E5BE6727DB1}.Release|x86.ActiveCfg = Release|Any CPU
		{02DC62CA-7EC4-43B3-88FA-3E5BE6727DB1}.Release|x86.Build.0 = Release|Any CPU
	EndGlobalSection
	GlobalSection(SolutionProperties) = preSolution
		HideSolutionNode = FALSE
	EndGlobalSection
	GlobalSection(NestedProjects) = preSolution
		{EBB637BF-43B8-4D6F-9291-6E2FB5E48662} = {827E0CD3-B72D-47B6-A68D-7590B98EB39B}
		{A7061DC0-CAA2-48E8-B5B3-BAC4516D1D0C} = {827E0CD3-B72D-47B6-A68D-7590B98EB39B}
		{BDDF7A0E-8CA6-4F4C-B5B4-1D22BE57E9AC} = {827E0CD3-B72D-47B6-A68D-7590B98EB39B}
		{DD2DD5D3-C91D-49FD-A7C3-1FCC2C022BF5} = {827E0CD3-B72D-47B6-A68D-7590B98EB39B}
		{859E300C-7148-4E62-B8AF-FE209C776213} = {827E0CD3-B72D-47B6-A68D-7590B98EB39B}
		{DD3B1D5D-1EFB-47DE-8D15-4214D718ABE7} = {827E0CD3-B72D-47B6-A68D-7590B98EB39B}
		{CBDE6A14-EF13-4F7A-A79F-BE5CEE0D1C45} = {827E0CD3-B72D-47B6-A68D-7590B98EB39B}
		{02DC62CA-7EC4-43B3-88FA-3E5BE6727DB1} = {827E0CD3-B72D-47B6-A68D-7590B98EB39B}
	EndGlobalSection
EndGlobal
